
Microsoft Visual Studio Solution File, Format Version 12.00
# Visual Studio Version 17
VisualStudioVersion = 17.5.33627.172
MinimumVisualStudioVersion = 10.0.40219.1
Project("{FAE04EC0-301F-11D3-BF4B-00C04F79EFBC}") = "ViaCep.Api", "ViaCep.Api\ViaCep.Api.csproj", "{20841F5B-500E-4DF3-B656-ECA45270B187}"
EndProject
Global
	GlobalSection(SolutionConfigurationPlatforms) = preSolution
		Debug|Any CPU = Debug|Any CPU
		Release|Any CPU = Release|Any CPU
	EndGlobalSection
	GlobalSection(ProjectConfigurationPlatforms) = postSolution
		{20841F5B-500E-4DF3-B656-ECA45270B187}.Debug|Any CPU.ActiveCfg = Debug|Any CPU
		{20841F5B-500E-4DF3-B656-ECA45270B187}.Debug|Any CPU.Build.0 = Debug|Any CPU
		{20841F5B-500E-4DF3-B656-ECA45270B187}.Release|Any CPU.ActiveCfg = Release|Any CPU
		{20841F5B-500E-4DF3-B656-ECA45270B187}.Release|Any CPU.Build.0 = Release|Any CPU
	EndGlobalSection
	GlobalSection(SolutionProperties) = preSolution
		HideSolutionNode = FALSE
	EndGlobalSection
	GlobalSection(ExtensibilityGlobals) = postSolution
		SolutionGuid = {167ADAD7-0317-4507-B7B5-6A1B3F40FDD0}
	EndGlobalSection
EndGlobal
